{
  "name": "aoc-4",
  "version": "1.0.0",
  "lockfileVersion": 3,
  "requires": true,
  "packages": {
    "": {
      "name": "aoc-4",
      "version": "1.0.0",
      "license": "MIT",
      "devDependencies": {
        "@tsconfig/node21": "^21.0.0",
        "@tsconfig/strictest": "^2.0.2",
        "@types/node": "^20.10.3",
        "typescript": "^5.3.2"
      },
      "engines": {
        "node": ">=21.4.0 <22.0.0",
        "npm": ">=10.2.4 <11.0.0"
      }
    },
    "node_modules/@tsconfig/node21": {
      "version": "21.0.0",
      "resolved": "https://registry.npmjs.org/@tsconfig/node21/-/node21-21.0.0.tgz",
      "integrity": "sha512-fMySImjI1muKEV1JAFZfBlgSjLE8EeqNRmdcdyUWDenXyCvWjSE1oGM/nK6ob1fV+lAYlJhhC1b2nrjnDQCOhQ==",
      "dev": true
    },
    "node_modules/@tsconfig/strictest": {
      "version": "2.0.2",
      "resolved": "https://registry.npmjs.org/@tsconfig/strictest/-/strictest-2.0.2.tgz",
      "integrity": "sha512-jt4jIsWKvUvuY6adJnQJlb/UR7DdjC8CjHI/OaSQruj2yX9/K6+KOvDt/vD6udqos/FUk5Op66CvYT7TBLYO5Q==",
      "dev": true
    },
    "node_modules/@types/node": {
      "version": "20.10.3",
      "resolved": "https://registry.npmjs.org/@types/node/-/node-20.10.3.tgz",
      "integrity": "sha512-XJavIpZqiXID5Yxnxv3RUDKTN5b81ddNC3ecsA0SoFXz/QU8OGBwZGMomiq0zw+uuqbL/krztv/DINAQ/EV4gg==",
      "dev": true,
      "dependencies": {
        "undici-types": "~5.26.4"
      }
    },
    "node_modules/typescript": {
      "version": "5.3.2",
      "resolved": "https://registry.npmjs.org/typescript/-/typescript-5.3.2.tgz",
      "integrity": "sha512-6l+RyNy7oAHDfxC4FzSJcz9vnjTKxrLpDG5M2Vu4SHRVNg6xzqZp6LYSR9zjqQTu8DU/f5xwxUdADOkbrIX2gQ==",
      "dev": true,
      "bin": {
        "tsc": "bin/tsc",
        "tsserver": "bin/tsserver"
      },
      "engines": {
        "node": ">=14.17"
      }
    },
    "node_modules/undici-types": {
      "version": "5.26.5",
      "resolved": "https://registry.npmjs.org/undici-types/-/undici-types-5.26.5.tgz",
      "integrity": "sha512-JlCMO+ehdEIKqlFxk6IfVoAUVmgz7cU7zD/h9XZ0qzeosSHmUJVOzSQvvYSYWXkFXC+IfLKSIffhv0sVZup6pA==",
      "dev": true
    }
  }
}
